// !$*UTF8*$!
{
	archiveVersion = 1;
	classes = {
	};
	objectVersion = 50;
	objects = {

/* Begin PBXBuildFile section */
		5429917D21BE39F2003008A2 /* c03_2_5HierarchyLockTests.mm in Sources */ = {isa = PBXBuildFile; fileRef = 5429917C21BE39F2003008A2 /* c03_2_5HierarchyLockTests.mm */; };
		5429918021BE3D92003008A2 /* thread_guard.cpp in Sources */ = {isa = PBXBuildFile; fileRef = 5429917F21BE3D92003008A2 /* thread_guard.cpp */; };
		5429918121BE3D92003008A2 /* thread_guard.cpp in Sources */ = {isa = PBXBuildFile; fileRef = 5429917F21BE3D92003008A2 /* thread_guard.cpp */; };
		5429918321BE3EA5003008A2 /* scoped_thread.cpp in Sources */ = {isa = PBXBuildFile; fileRef = 5429918221BE3EA5003008A2 /* scoped_thread.cpp */; };
		5429918421BE3EA5003008A2 /* scoped_thread.cpp in Sources */ = {isa = PBXBuildFile; fileRef = 5429918221BE3EA5003008A2 /* scoped_thread.cpp */; };
		5429918721BE401D003008A2 /* hierarchical_mutex.cpp in Sources */ = {isa = PBXBuildFile; fileRef = 5429918621BE401D003008A2 /* hierarchical_mutex.cpp */; };
		5429918821BE401D003008A2 /* hierarchical_mutex.cpp in Sources */ = {isa = PBXBuildFile; fileRef = 5429918621BE401D003008A2 /* hierarchical_mutex.cpp */; };
		5457324F21AD282300C3AE4A /* c02_4ThreadsNumberTests.mm in Sources */ = {isa = PBXBuildFile; fileRef = 5457324E21AD282300C3AE4A /* c02_4ThreadsNumberTests.mm */; };
		5457325121AD4BAC00C3AE4A /* c02_5IdentifyingTests.mm in Sources */ = {isa = PBXBuildFile; fileRef = 5457325021AD4BAC00C3AE4A /* c02_5IdentifyingTests.mm */; };
		54645E5B21E885DB00DD22BF /* c04_2_ThreadsafeQueueTests.mm in Sources */ = {isa = PBXBuildFile; fileRef = 54645E5A21E885DB00DD22BF /* c04_2_ThreadsafeQueueTests.mm */; };
		5476062621A6FAA900F07DC1 /* main.cpp in Sources */ = {isa = PBXBuildFile; fileRef = 5476062521A6FAA900F07DC1 /* main.cpp */; };
		5476063321A6FD5100F07DC1 /* c02_3OwnershipTests.mm in Sources */ = {isa = PBXBuildFile; fileRef = 5476063221A6FD5100F07DC1 /* c02_3OwnershipTests.mm */; };
		547DE92521B6709700939FC1 /* c03_1MutexTests.mm in Sources */ = {isa = PBXBuildFile; fileRef = 547DE92421B6709700939FC1 /* c03_1MutexTests.mm */; };
		5492728321A7E1EA00508D5C /* c01_HelloTests.mm in Sources */ = {isa = PBXBuildFile; fileRef = 5492728221A7E1EA00508D5C /* c01_HelloTests.mm */; };
		5492728521A8071F00508D5C /* c02_1LaunchingTests.mm in Sources */ = {isa = PBXBuildFile; fileRef = 5492728421A8071F00508D5C /* c02_1LaunchingTests.mm */; };
		54958BA821B7E9C40094E4F6 /* c03_2_4DeadlockTests.mm in Sources */ = {isa = PBXBuildFile; fileRef = 54958BA721B7E9C40094E4F6 /* c03_2_4DeadlockTests.mm */; };
		5496C3E321C3DC9400E2FEB5 /* c03_3_AlternativeLocksTests.mm in Sources */ = {isa = PBXBuildFile; fileRef = 5496C3E221C3DC9400E2FEB5 /* c03_3_AlternativeLocksTests.mm */; };
		54B1B5E521CB80CE00C6799B /* c04_1_ConditionVariablesTests.mm in Sources */ = {isa = PBXBuildFile; fileRef = 54B1B5E421CB80CE00C6799B /* c04_1_ConditionVariablesTests.mm */; };
		54EC67C921B67CB600784186 /* c03_2_3ThreadSafeIterfaceTests.mm in Sources */ = {isa = PBXBuildFile; fileRef = 54EC67C821B67CB600784186 /* c03_2_3ThreadSafeIterfaceTests.mm */; };
		A964955621A97BA9009E910A /* c02_2ArgumentsTests.mm in Sources */ = {isa = PBXBuildFile; fileRef = A964955521A97BA9009E910A /* c02_2ArgumentsTests.mm */; };
/* End PBXBuildFile section */

/* Begin PBXCopyFilesBuildPhase section */
		5476062021A6FAA900F07DC1 /* CopyFiles */ = {
			isa = PBXCopyFilesBuildPhase;
			buildActionMask = 2147483647;
			dstPath = /usr/share/man/man1/;
			dstSubfolderSpec = 0;
			files = (
			);
			runOnlyForDeploymentPostprocessing = 1;
		};
/* End PBXCopyFilesBuildPhase section */

/* Begin PBXFileReference section */
		5429917C21BE39F2003008A2 /* c03_2_5HierarchyLockTests.mm */ = {isa = PBXFileReference; lastKnownFileType = sourcecode.cpp.objcpp; path = c03_2_5HierarchyLockTests.mm; sourceTree = "<group>"; };
		5429917E21BE3ACB003008A2 /* hierarchical_mutex.hpp */ = {isa = PBXFileReference; lastKnownFileType = sourcecode.cpp.h; path = hierarchical_mutex.hpp; sourceTree = "<group>"; };
		5429917F21BE3D92003008A2 /* thread_guard.cpp */ = {isa = PBXFileReference; lastKnownFileType = sourcecode.cpp.cpp; path = thread_guard.cpp; sourceTree = "<group>"; };
		5429918221BE3EA5003008A2 /* scoped_thread.cpp */ = {isa = PBXFileReference; lastKnownFileType = sourcecode.cpp.cpp; path = scoped_thread.cpp; sourceTree = "<group>"; };
		5429918621BE401D003008A2 /* hierarchical_mutex.cpp */ = {isa = PBXFileReference; lastKnownFileType = sourcecode.cpp.cpp; path = hierarchical_mutex.cpp; sourceTree = "<group>"; };
		5457324E21AD282300C3AE4A /* c02_4ThreadsNumberTests.mm */ = {isa = PBXFileReference; lastKnownFileType = sourcecode.cpp.objcpp; path = c02_4ThreadsNumberTests.mm; sourceTree = "<group>"; };
		5457325021AD4BAC00C3AE4A /* c02_5IdentifyingTests.mm */ = {isa = PBXFileReference; lastKnownFileType = sourcecode.cpp.objcpp; path = c02_5IdentifyingTests.mm; sourceTree = "<group>"; };
		54645E5A21E885DB00DD22BF /* c04_2_ThreadsafeQueueTests.mm */ = {isa = PBXFileReference; lastKnownFileType = sourcecode.cpp.objcpp; path = c04_2_ThreadsafeQueueTests.mm; sourceTree = "<group>"; };
		5476062221A6FAA900F07DC1 /* concurency */ = {isa = PBXFileReference; explicitFileType = "compiled.mach-o.executable"; includeInIndex = 0; path = concurency; sourceTree = BUILT_PRODUCTS_DIR; };
		5476062521A6FAA900F07DC1 /* main.cpp */ = {isa = PBXFileReference; lastKnownFileType = sourcecode.cpp.cpp; path = main.cpp; sourceTree = "<group>"; };
		5476063021A6FD5100F07DC1 /* concurencyTests.xctest */ = {isa = PBXFileReference; explicitFileType = wrapper.cfbundle; includeInIndex = 0; path = concurencyTests.xctest; sourceTree = BUILT_PRODUCTS_DIR; };
		5476063221A6FD5100F07DC1 /* c02_3OwnershipTests.mm */ = {isa = PBXFileReference; lastKnownFileType = sourcecode.cpp.objcpp; path = c02_3OwnershipTests.mm; sourceTree = "<group>"; };
		5476063421A6FD5100F07DC1 /* Info.plist */ = {isa = PBXFileReference; lastKnownFileType = text.plist.xml; path = Info.plist; sourceTree = "<group>"; };
		5476063821A6FDE000F07DC1 /* README.md */ = {isa = PBXFileReference; lastKnownFileType = net.daringfireball.markdown; path = README.md; sourceTree = "<group>"; };
		547DE92421B6709700939FC1 /* c03_1MutexTests.mm */ = {isa = PBXFileReference; lastKnownFileType = sourcecode.cpp.objcpp; path = c03_1MutexTests.mm; sourceTree = "<group>"; };
		5492728221A7E1EA00508D5C /* c01_HelloTests.mm */ = {isa = PBXFileReference; lastKnownFileType = sourcecode.cpp.objcpp; path = c01_HelloTests.mm; sourceTree = "<group>"; };
		5492728421A8071F00508D5C /* c02_1LaunchingTests.mm */ = {isa = PBXFileReference; lastKnownFileType = sourcecode.cpp.objcpp; path = c02_1LaunchingTests.mm; sourceTree = "<group>"; };
		54958BA621B7ADC30094E4F6 /* threadsafe_stack.hpp */ = {isa = PBXFileReference; lastKnownFileType = sourcecode.cpp.h; path = threadsafe_stack.hpp; sourceTree = "<group>"; };
		54958BA721B7E9C40094E4F6 /* c03_2_4DeadlockTests.mm */ = {isa = PBXFileReference; lastKnownFileType = sourcecode.cpp.objcpp; path = c03_2_4DeadlockTests.mm; sourceTree = "<group>"; };
		5496C3E221C3DC9400E2FEB5 /* c03_3_AlternativeLocksTests.mm */ = {isa = PBXFileReference; lastKnownFileType = sourcecode.cpp.objcpp; path = c03_3_AlternativeLocksTests.mm; sourceTree = "<group>"; };
		54B1B5E421CB80CE00C6799B /* c04_1_ConditionVariablesTests.mm */ = {isa = PBXFileReference; lastKnownFileType = sourcecode.cpp.objcpp; path = c04_1_ConditionVariablesTests.mm; sourceTree = "<group>"; };
		54EC67C821B67CB600784186 /* c03_2_3ThreadSafeIterfaceTests.mm */ = {isa = PBXFileReference; lastKnownFileType = sourcecode.cpp.objcpp; path = c03_2_3ThreadSafeIterfaceTests.mm; sourceTree = "<group>"; };
		A952E21C21D1101A00DD8499 /* threadsafe_queue.hpp */ = {isa = PBXFileReference; lastKnownFileType = sourcecode.cpp.h; path = threadsafe_queue.hpp; sourceTree = "<group>"; };
		A954537C21AAA46A001A0514 /* thread_guard.hpp */ = {isa = PBXFileReference; lastKnownFileType = sourcecode.cpp.h; path = thread_guard.hpp; sourceTree = "<group>"; };
		A960ED0421AF22C400E4E83E /* scoped_thread.hpp */ = {isa = PBXFileReference; lastKnownFileType = sourcecode.cpp.h; path = scoped_thread.hpp; sourceTree = "<group>"; };
		A960ED0521AF235600E4E83E /* parallel_accumulate.hpp */ = {isa = PBXFileReference; lastKnownFileType = sourcecode.cpp.h; path = parallel_accumulate.hpp; sourceTree = "<group>"; };
		A964955521A97BA9009E910A /* c02_2ArgumentsTests.mm */ = {isa = PBXFileReference; lastKnownFileType = sourcecode.cpp.objcpp; path = c02_2ArgumentsTests.mm; sourceTree = "<group>"; };
/* End PBXFileReference section */

/* Begin PBXFrameworksBuildPhase section */
		5476061F21A6FAA900F07DC1 /* Frameworks */ = {
			isa = PBXFrameworksBuildPhase;
			buildActionMask = 2147483647;
			files = (
			);
			runOnlyForDeploymentPostprocessing = 0;
		};
		5476062D21A6FD5100F07DC1 /* Frameworks */ = {
			isa = PBXFrameworksBuildPhase;
			buildActionMask = 2147483647;
			files = (
			);
			runOnlyForDeploymentPostprocessing = 0;
		};
/* End PBXFrameworksBuildPhase section */

/* Begin PBXGroup section */
		5476061921A6FAA900F07DC1 = {
			isa = PBXGroup;
			children = (
				5476063821A6FDE000F07DC1 /* README.md */,
				5476062421A6FAA900F07DC1 /* concurency */,
				5476063121A6FD5100F07DC1 /* concurencyTests */,
				5476062321A6FAA900F07DC1 /* Products */,
			);
			sourceTree = "<group>";
		};
		5476062321A6FAA900F07DC1 /* Products */ = {
			isa = PBXGroup;
			children = (
				5476062221A6FAA900F07DC1 /* concurency */,
				5476063021A6FD5100F07DC1 /* concurencyTests.xctest */,
			);
			name = Products;
			sourceTree = "<group>";
		};
		5476062421A6FAA900F07DC1 /* concurency */ = {
			isa = PBXGroup;
			children = (
				A954537C21AAA46A001A0514 /* thread_guard.hpp */,
				5429917F21BE3D92003008A2 /* thread_guard.cpp */,
				A960ED0421AF22C400E4E83E /* scoped_thread.hpp */,
				5429918221BE3EA5003008A2 /* scoped_thread.cpp */,
				A960ED0521AF235600E4E83E /* parallel_accumulate.hpp */,
				54958BA621B7ADC30094E4F6 /* threadsafe_stack.hpp */,
				5429917E21BE3ACB003008A2 /* hierarchical_mutex.hpp */,
				5429918621BE401D003008A2 /* hierarchical_mutex.cpp */,
				A952E21C21D1101A00DD8499 /* threadsafe_queue.hpp */,
				5476062521A6FAA900F07DC1 /* main.cpp */,
			);
			path = concurency;
			sourceTree = "<group>";
		};
		5476063121A6FD5100F07DC1 /* concurencyTests */ = {
			isa = PBXGroup;
			children = (
				5476063421A6FD5100F07DC1 /* Info.plist */,
				5496C3DD21C3D98F00E2FEB5 /* c01 Hello */,
				5496C3E021C3D9E900E2FEB5 /* c02 Managing threads */,
				5496C3E121C3DA2300E2FEB5 /* c03 Sharing data between threads */,
				54B1B5E321CB805900C6799B /* c04 Synchronizing concurrent operations */,
			);
			path = concurencyTests;
			sourceTree = "<group>";
		};
		5496C3DD21C3D98F00E2FEB5 /* c01 Hello */ = {
			isa = PBXGroup;
			children = (
				5492728221A7E1EA00508D5C /* c01_HelloTests.mm */,
			);
			name = "c01 Hello";
			sourceTree = "<group>";
		};
		5496C3E021C3D9E900E2FEB5 /* c02 Managing threads */ = {
			isa = PBXGroup;
			children = (
				5492728421A8071F00508D5C /* c02_1LaunchingTests.mm */,
				A964955521A97BA9009E910A /* c02_2ArgumentsTests.mm */,
				5476063221A6FD5100F07DC1 /* c02_3OwnershipTests.mm */,
				5457324E21AD282300C3AE4A /* c02_4ThreadsNumberTests.mm */,
				5457325021AD4BAC00C3AE4A /* c02_5IdentifyingTests.mm */,
			);
			name = "c02 Managing threads";
			sourceTree = "<group>";
		};
		5496C3E121C3DA2300E2FEB5 /* c03 Sharing data between threads */ = {
			isa = PBXGroup;
			children = (
				547DE92421B6709700939FC1 /* c03_1MutexTests.mm */,
				54EC67C821B67CB600784186 /* c03_2_3ThreadSafeIterfaceTests.mm */,
				54958BA721B7E9C40094E4F6 /* c03_2_4DeadlockTests.mm */,
				5429917C21BE39F2003008A2 /* c03_2_5HierarchyLockTests.mm */,
				5496C3E221C3DC9400E2FEB5 /* c03_3_AlternativeLocksTests.mm */,
			);
			name = "c03 Sharing data between threads";
			sourceTree = "<group>";
		};
		54B1B5E321CB805900C6799B /* c04 Synchronizing concurrent operations */ = {
			isa = PBXGroup;
			children = (
				54B1B5E421CB80CE00C6799B /* c04_1_ConditionVariablesTests.mm */,
				54645E5A21E885DB00DD22BF /* c04_2_ThreadsafeQueueTests.mm */,
			);
			name = "c04 Synchronizing concurrent operations";
			sourceTree = "<group>";
		};
/* End PBXGroup section */

/* Begin PBXNativeTarget section */
		5476062121A6FAA900F07DC1 /* concurency */ = {
			isa = PBXNativeTarget;
			buildConfigurationList = 5476062921A6FAA900F07DC1 /* Build configuration list for PBXNativeTarget "concurency" */;
			buildPhases = (
				5476061E21A6FAA900F07DC1 /* Sources */,
				5476061F21A6FAA900F07DC1 /* Frameworks */,
				5476062021A6FAA900F07DC1 /* CopyFiles */,
			);
			buildRules = (
			);
			dependencies = (
			);
			name = concurency;
			productName = concurency;
			productReference = 5476062221A6FAA900F07DC1 /* concurency */;
			productType = "com.apple.product-type.tool";
		};
		5476062F21A6FD5100F07DC1 /* concurencyTests */ = {
			isa = PBXNativeTarget;
			buildConfigurationList = 5476063721A6FD5100F07DC1 /* Build configuration list for PBXNativeTarget "concurencyTests" */;
			buildPhases = (
				5476062C21A6FD5100F07DC1 /* Sources */,
				5476062D21A6FD5100F07DC1 /* Frameworks */,
				5476062E21A6FD5100F07DC1 /* Resources */,
			);
			buildRules = (
			);
			dependencies = (
			);
			name = concurencyTests;
			productName = concurencyTests;
			productReference = 5476063021A6FD5100F07DC1 /* concurencyTests.xctest */;
			productType = "com.apple.product-type.bundle.unit-test";
		};
/* End PBXNativeTarget section */

/* Begin PBXProject section */
		5476061A21A6FAA900F07DC1 /* Project object */ = {
			isa = PBXProject;
			attributes = {
				LastUpgradeCheck = 1010;
				ORGANIZATIONNAME = LVA;
				TargetAttributes = {
					5476062121A6FAA900F07DC1 = {
						CreatedOnToolsVersion = 10.1;
					};
					5476062F21A6FD5100F07DC1 = {
						CreatedOnToolsVersion = 10.1;
					};
				};
			};
			buildConfigurationList = 5476061D21A6FAA900F07DC1 /* Build configuration list for PBXProject "concurency" */;
			compatibilityVersion = "Xcode 9.3";
			developmentRegion = en;
			hasScannedForEncodings = 0;
			knownRegions = (
				en,
			);
			mainGroup = 5476061921A6FAA900F07DC1;
			productRefGroup = 5476062321A6FAA900F07DC1 /* Products */;
			projectDirPath = "";
			projectRoot = "";
			targets = (
				5476062121A6FAA900F07DC1 /* concurency */,
				5476062F21A6FD5100F07DC1 /* concurencyTests */,
			);
		};
/* End PBXProject section */

/* Begin PBXResourcesBuildPhase section */
		5476062E21A6FD5100F07DC1 /* Resources */ = {
			isa = PBXResourcesBuildPhase;
			buildActionMask = 2147483647;
			files = (
			);
			runOnlyForDeploymentPostprocessing = 0;
		};
/* End PBXResourcesBuildPhase section */

/* Begin PBXSourcesBuildPhase section */
		5476061E21A6FAA900F07DC1 /* Sources */ = {
			isa = PBXSourcesBuildPhase;
			buildActionMask = 2147483647;
			files = (
				5429918721BE401D003008A2 /* hierarchical_mutex.cpp in Sources */,
				5476062621A6FAA900F07DC1 /* main.cpp in Sources */,
				5429918021BE3D92003008A2 /* thread_guard.cpp in Sources */,
				5429918321BE3EA5003008A2 /* scoped_thread.cpp in Sources */,
			);
			runOnlyForDeploymentPostprocessing = 0;
		};
		5476062C21A6FD5100F07DC1 /* Sources */ = {
			isa = PBXSourcesBuildPhase;
			buildActionMask = 2147483647;
			files = (
				5476063321A6FD5100F07DC1 /* c02_3OwnershipTests.mm in Sources */,
				5496C3E321C3DC9400E2FEB5 /* c03_3_AlternativeLocksTests.mm in Sources */,
				5429918121BE3D92003008A2 /* thread_guard.cpp in Sources */,
				547DE92521B6709700939FC1 /* c03_1MutexTests.mm in Sources */,
				A964955621A97BA9009E910A /* c02_2ArgumentsTests.mm in Sources */,
				54EC67C921B67CB600784186 /* c03_2_3ThreadSafeIterfaceTests.mm in Sources */,
				5457325121AD4BAC00C3AE4A /* c02_5IdentifyingTests.mm in Sources */,
				5429918821BE401D003008A2 /* hierarchical_mutex.cpp in Sources */,
				5429917D21BE39F2003008A2 /* c03_2_5HierarchyLockTests.mm in Sources */,
				5457324F21AD282300C3AE4A /* c02_4ThreadsNumberTests.mm in Sources */,
				54B1B5E521CB80CE00C6799B /* c04_1_ConditionVariablesTests.mm in Sources */,
				5492728521A8071F00508D5C /* c02_1LaunchingTests.mm in Sources */,
				5492728321A7E1EA00508D5C /* c01_HelloTests.mm in Sources */,
				54645E5B21E885DB00DD22BF /* c04_2_ThreadsafeQueueTests.mm in Sources */,
				54958BA821B7E9C40094E4F6 /* c03_2_4DeadlockTests.mm in Sources */,
				5429918421BE3EA5003008A2 /* scoped_thread.cpp in Sources */,
			);
			runOnlyForDeploymentPostprocessing = 0;
		};
/* End PBXSourcesBuildPhase section */

/* Begin XCBuildConfiguration section */
		5476062721A6FAA900F07DC1 /* Debug */ = {
			isa = XCBuildConfiguration;
			buildSettings = {
				ALWAYS_SEARCH_USER_PATHS = NO;
				CLANG_ANALYZER_NONNULL = YES;
				CLANG_ANALYZER_NUMBER_OBJECT_CONVERSION = YES_AGGRESSIVE;
				CLANG_CXX_LANGUAGE_STANDARD = "gnu++17";
				CLANG_CXX_LIBRARY = "libc++";
				CLANG_ENABLE_MODULES = YES;
				CLANG_ENABLE_OBJC_ARC = YES;
				CLANG_ENABLE_OBJC_WEAK = YES;
				CLANG_WARN_BLOCK_CAPTURE_AUTORELEASING = YES;
				CLANG_WARN_BOOL_CONVERSION = YES;
				CLANG_WARN_COMMA = YES;
				CLANG_WARN_CONSTANT_CONVERSION = YES;
				CLANG_WARN_DEPRECATED_OBJC_IMPLEMENTATIONS = YES;
				CLANG_WARN_DIRECT_OBJC_ISA_USAGE = YES_ERROR;
				CLANG_WARN_DOCUMENTATION_COMMENTS = YES;
				CLANG_WARN_EMPTY_BODY = YES;
				CLANG_WARN_ENUM_CONVERSION = YES;
				CLANG_WARN_INFINITE_RECURSION = YES;
				CLANG_WARN_INT_CONVERSION = YES;
				CLANG_WARN_NON_LITERAL_NULL_CONVERSION = YES;
				CLANG_WARN_OBJC_IMPLICIT_RETAIN_SELF = YES;
				CLANG_WARN_OBJC_LITERAL_CONVERSION = YES;
				CLANG_WARN_OBJC_ROOT_CLASS = YES_ERROR;
				CLANG_WARN_RANGE_LOOP_ANALYSIS = YES;
				CLANG_WARN_STRICT_PROTOTYPES = YES;
				CLANG_WARN_SUSPICIOUS_MOVE = YES;
				CLANG_WARN_UNGUARDED_AVAILABILITY = YES_AGGRESSIVE;
				CLANG_WARN_UNREACHABLE_CODE = YES;
				CLANG_WARN__DUPLICATE_METHOD_MATCH = YES;
				CODE_SIGN_IDENTITY = "Mac Developer";
				COPY_PHASE_STRIP = NO;
				DEBUG_INFORMATION_FORMAT = dwarf;
				ENABLE_STRICT_OBJC_MSGSEND = YES;
				ENABLE_TESTABILITY = YES;
				GCC_C_LANGUAGE_STANDARD = gnu11;
				GCC_DYNAMIC_NO_PIC = NO;
				GCC_NO_COMMON_BLOCKS = YES;
				GCC_OPTIMIZATION_LEVEL = 0;
				GCC_PREPROCESSOR_DEFINITIONS = (
					"DEBUG=1",
					"$(inherited)",
				);
				GCC_WARN_64_TO_32_BIT_CONVERSION = YES;
				GCC_WARN_ABOUT_RETURN_TYPE = YES_ERROR;
				GCC_WARN_UNDECLARED_SELECTOR = YES;
				GCC_WARN_UNINITIALIZED_AUTOS = YES_AGGRESSIVE;
				GCC_WARN_UNUSED_FUNCTION = YES;
				GCC_WARN_UNUSED_VARIABLE = YES;
				MACOSX_DEPLOYMENT_TARGET = 10.14;
				MTL_ENABLE_DEBUG_INFO = INCLUDE_SOURCE;
				MTL_FAST_MATH = YES;
				ONLY_ACTIVE_ARCH = YES;
				SDKROOT = macosx;
			};
			name = Debug;
		};
		5476062821A6FAA900F07DC1 /* Release */ = {
			isa = XCBuildConfiguration;
			buildSettings = {
				ALWAYS_SEARCH_USER_PATHS = NO;
				CLANG_ANALYZER_NONNULL = YES;
				CLANG_ANALYZER_NUMBER_OBJECT_CONVERSION = YES_AGGRESSIVE;
				CLANG_CXX_LANGUAGE_STANDARD = "gnu++17";
				CLANG_CXX_LIBRARY = "libc++";
				CLANG_ENABLE_MODULES = YES;
				CLANG_ENABLE_OBJC_ARC = YES;
				CLANG_ENABLE_OBJC_WEAK = YES;
				CLANG_WARN_BLOCK_CAPTURE_AUTORELEASING = YES;
				CLANG_WARN_BOOL_CONVERSION = YES;
				CLANG_WARN_COMMA = YES;
				CLANG_WARN_CONSTANT_CONVERSION = YES;
				CLANG_WARN_DEPRECATED_OBJC_IMPLEMENTATIONS = YES;
				CLANG_WARN_DIRECT_OBJC_ISA_USAGE = YES_ERROR;
				CLANG_WARN_DOCUMENTATION_COMMENTS = YES;
				CLANG_WARN_EMPTY_BODY = YES;
				CLANG_WARN_ENUM_CONVERSION = YES;
				CLANG_WARN_INFINITE_RECURSION = YES;
				CLANG_WARN_INT_CONVERSION = YES;
				CLANG_WARN_NON_LITERAL_NULL_CONVERSION = YES;
				CLANG_WARN_OBJC_IMPLICIT_RETAIN_SELF = YES;
				CLANG_WARN_OBJC_LITERAL_CONVERSION = YES;
				CLANG_WARN_OBJC_ROOT_CLASS = YES_ERROR;
				CLANG_WARN_RANGE_LOOP_ANALYSIS = YES;
				CLANG_WARN_STRICT_PROTOTYPES = YES;
				CLANG_WARN_SUSPICIOUS_MOVE = YES;
				CLANG_WARN_UNGUARDED_AVAILABILITY = YES_AGGRESSIVE;
				CLANG_WARN_UNREACHABLE_CODE = YES;
				CLANG_WARN__DUPLICATE_METHOD_MATCH = YES;
				CODE_SIGN_IDENTITY = "Mac Developer";
				COPY_PHASE_STRIP = NO;
				DEBUG_INFORMATION_FORMAT = "dwarf-with-dsym";
				ENABLE_NS_ASSERTIONS = NO;
				ENABLE_STRICT_OBJC_MSGSEND = YES;
				GCC_C_LANGUAGE_STANDARD = gnu11;
				GCC_NO_COMMON_BLOCKS = YES;
				GCC_WARN_64_TO_32_BIT_CONVERSION = YES;
				GCC_WARN_ABOUT_RETURN_TYPE = YES_ERROR;
				GCC_WARN_UNDECLARED_SELECTOR = YES;
				GCC_WARN_UNINITIALIZED_AUTOS = YES_AGGRESSIVE;
				GCC_WARN_UNUSED_FUNCTION = YES;
				GCC_WARN_UNUSED_VARIABLE = YES;
				MACOSX_DEPLOYMENT_TARGET = 10.14;
				MTL_ENABLE_DEBUG_INFO = NO;
				MTL_FAST_MATH = YES;
				SDKROOT = macosx;
			};
			name = Release;
		};
		5476062A21A6FAA900F07DC1 /* Debug */ = {
			isa = XCBuildConfiguration;
			buildSettings = {
				CODE_SIGN_STYLE = Automatic;
				DEVELOPMENT_TEAM = 8M8T7QQG92;
				PRODUCT_NAME = "$(TARGET_NAME)";
			};
			name = Debug;
		};
		5476062B21A6FAA900F07DC1 /* Release */ = {
			isa = XCBuildConfiguration;
			buildSettings = {
				CODE_SIGN_STYLE = Automatic;
				DEVELOPMENT_TEAM = 8M8T7QQG92;
				PRODUCT_NAME = "$(TARGET_NAME)";
			};
			name = Release;
		};
		5476063521A6FD5100F07DC1 /* Debug */ = {
			isa = XCBuildConfiguration;
			buildSettings = {
				CODE_SIGN_STYLE = Automatic;
				COMBINE_HIDPI_IMAGES = YES;
				DEVELOPMENT_TEAM = 8M8T7QQG92;
				INFOPLIST_FILE = concurencyTests/Info.plist;
				LD_RUNPATH_SEARCH_PATHS = (
					"$(inherited)",
					"@executable_path/../Frameworks",
					"@loader_path/../Frameworks",
				);
				PRODUCT_BUNDLE_IDENTIFIER = lva.com.concurencyTests;
				PRODUCT_NAME = "$(TARGET_NAME)";
			};
			name = Debug;
		};
		5476063621A6FD5100F07DC1 /* Release */ = {
			isa = XCBuildConfiguration;
			buildSettings = {
				CODE_SIGN_STYLE = Automatic;
				COMBINE_HIDPI_IMAGES = YES;
				DEVELOPMENT_TEAM = 8M8T7QQG92;
				INFOPLIST_FILE = concurencyTests/Info.plist;
				LD_RUNPATH_SEARCH_PATHS = (
					"$(inherited)",
					"@executable_path/../Frameworks",
					"@loader_path/../Frameworks",
				);
				PRODUCT_BUNDLE_IDENTIFIER = lva.com.concurencyTests;
				PRODUCT_NAME = "$(TARGET_NAME)";
			};
			name = Release;
		};
/* End XCBuildConfiguration section */

/* Begin XCConfigurationList section */
		5476061D21A6FAA900F07DC1 /* Build configuration list for PBXProject "concurency" */ = {
			isa = XCConfigurationList;
			buildConfigurations = (
				5476062721A6FAA900F07DC1 /* Debug */,
				5476062821A6FAA900F07DC1 /* Release */,
			);
			defaultConfigurationIsVisible = 0;
			defaultConfigurationName = Release;
		};
		5476062921A6FAA900F07DC1 /* Build configuration list for PBXNativeTarget "concurency" */ = {
			isa = XCConfigurationList;
			buildConfigurations = (
				5476062A21A6FAA900F07DC1 /* Debug */,
				5476062B21A6FAA900F07DC1 /* Release */,
			);
			defaultConfigurationIsVisible = 0;
			defaultConfigurationName = Release;
		};
		5476063721A6FD5100F07DC1 /* Build configuration list for PBXNativeTarget "concurencyTests" */ = {
			isa = XCConfigurationList;
			buildConfigurations = (
				5476063521A6FD5100F07DC1 /* Debug */,
				5476063621A6FD5100F07DC1 /* Release */,
			);
			defaultConfigurationIsVisible = 0;
			defaultConfigurationName = Release;
		};
/* End XCConfigurationList section */
	};
	rootObject = 5476061A21A6FAA900F07DC1 /* Project object */;
}
